
Microsoft Visual Studio Solution File, Format Version 12.00
# Visual Studio Version 17
VisualStudioVersion = 17.8.34322.80
MinimumVisualStudioVersion = 10.0.40219.1
Project("{FAE04EC0-301F-11D3-BF4B-00C04F79EFBC}") = "Blazr.RenderLogger.Server", "Blazr.RenderLogger.Server\Blazr.RenderLogger.Server.csproj", "{61366393-4CBA-4BDC-88DD-579FBCEFB47E}"
EndProject
Project("{FAE04EC0-301F-11D3-BF4B-00C04F79EFBC}") = "Blazr.RenderLogger.WASM", "Blazr.RenderLogger.WASM\Blazr.RenderLogger.WASM.csproj", "{021380A2-3215-45A1-8ECF-8E6D2C9EF32D}"
EndProject
Project("{FAE04EC0-301F-11D3-BF4B-00C04F79EFBC}") = "Blazr.RenderLogger.Core", "Blazr.RenderLogger.Core\Blazr.RenderLogger.Core.csproj", "{B936E3F0-C8F4-4F3B-A026-EC824F2933C6}"
EndProject
Project("{FAE04EC0-301F-11D3-BF4B-00C04F79EFBC}") = "Blazr.RenderLogger", "Blazr.RenderLogger\Blazr.RenderLogger.csproj", "{C6CE2C1F-2003-4528-9818-3AD20D885775}"
EndProject
Global
	GlobalSection(SolutionConfigurationPlatforms) = preSolution
		Debug|Any CPU = Debug|Any CPU
		Release|Any CPU = Release|Any CPU
	EndGlobalSection
	GlobalSection(ProjectConfigurationPlatforms) = postSolution
		{61366393-4CBA-4BDC-88DD-579FBCEFB47E}.Debug|Any CPU.ActiveCfg = Debug|Any CPU
		{61366393-4CBA-4BDC-88DD-579FBCEFB47E}.Debug|Any CPU.Build.0 = Debug|Any CPU
		{61366393-4CBA-4BDC-88DD-579FBCEFB47E}.Release|Any CPU.ActiveCfg = Release|Any CPU
		{61366393-4CBA-4BDC-88DD-579FBCEFB47E}.Release|Any CPU.Build.0 = Release|Any CPU
		{021380A2-3215-45A1-8ECF-8E6D2C9EF32D}.Debug|Any CPU.ActiveCfg = Debug|Any CPU
		{021380A2-3215-45A1-8ECF-8E6D2C9EF32D}.Debug|Any CPU.Build.0 = Debug|Any CPU
		{021380A2-3215-45A1-8ECF-8E6D2C9EF32D}.Release|Any CPU.ActiveCfg = Release|Any CPU
		{021380A2-3215-45A1-8ECF-8E6D2C9EF32D}.Release|Any CPU.Build.0 = Release|Any CPU
		{B936E3F0-C8F4-4F3B-A026-EC824F2933C6}.Debug|Any CPU.ActiveCfg = Debug|Any CPU
		{B936E3F0-C8F4-4F3B-A026-EC824F2933C6}.Debug|Any CPU.Build.0 = Debug|Any CPU
		{B936E3F0-C8F4-4F3B-A026-EC824F2933C6}.Release|Any CPU.ActiveCfg = Release|Any CPU
		{B936E3F0-C8F4-4F3B-A026-EC824F2933C6}.Release|Any CPU.Build.0 = Release|Any CPU
		{C6CE2C1F-2003-4528-9818-3AD20D885775}.Debug|Any CPU.ActiveCfg = Debug|Any CPU
		{C6CE2C1F-2003-4528-9818-3AD20D885775}.Debug|Any CPU.Build.0 = Debug|Any CPU
		{C6CE2C1F-2003-4528-9818-3AD20D885775}.Release|Any CPU.ActiveCfg = Release|Any CPU
		{C6CE2C1F-2003-4528-9818-3AD20D885775}.Release|Any CPU.Build.0 = Release|Any CPU
	EndGlobalSection
	GlobalSection(SolutionProperties) = preSolution
		HideSolutionNode = FALSE
	EndGlobalSection
	GlobalSection(ExtensibilityGlobals) = postSolution
		SolutionGuid = {FFFF5655-9DC6-46F2-BDAE-72872B5EB498}
	EndGlobalSection
EndGlobal
